
Microsoft Visual Studio Solution File, Format Version 12.00
# Visual Studio Version 16
VisualStudioVersion = 16.0.810.0
MinimumVisualStudioVersion = 10.0.40219.1
Project("{FAE04EC0-301F-11D3-BF4B-00C04F79EFBC}") = "bakejoon-1012", "bakejoon-1012.csproj", "{79A6F7E2-BF06-463F-AFB5-D6F9FF894DF3}"
EndProject
Global
	GlobalSection(SolutionConfigurationPlatforms) = preSolution
		Debug|Any CPU = Debug|Any CPU
		Release|Any CPU = Release|Any CPU
	EndGlobalSection
	GlobalSection(ProjectConfigurationPlatforms) = postSolution
		{79A6F7E2-BF06-463F-AFB5-D6F9FF894DF3}.Debug|Any CPU.ActiveCfg = Debug|Any CPU
		{79A6F7E2-BF06-463F-AFB5-D6F9FF894DF3}.Debug|Any CPU.Build.0 = Debug|Any CPU
		{79A6F7E2-BF06-463F-AFB5-D6F9FF894DF3}.Release|Any CPU.ActiveCfg = Release|Any CPU
		{79A6F7E2-BF06-463F-AFB5-D6F9FF894DF3}.Release|Any CPU.Build.0 = Release|Any CPU
	EndGlobalSection
	GlobalSection(SolutionProperties) = preSolution
		HideSolutionNode = FALSE
	EndGlobalSection
	GlobalSection(ExtensibilityGlobals) = postSolution
		SolutionGuid = {F315F223-414E-4F51-BF08-1F422CB38B8D}
	EndGlobalSection
EndGlobal
